
Microsoft Visual Studio Solution File, Format Version 12.00
# Visual Studio Version 17
VisualStudioVersion = 17.4.33213.308
MinimumVisualStudioVersion = 10.0.40219.1
Project("{9A19103F-16F7-4668-BE54-9A1E7A4F7556}") = "TaukerHybrid", "TaukerHybrid\TaukerHybrid.csproj", "{8159FF95-2446-4464-B62A-2EC6870F7C05}"
EndProject
Project("{FAE04EC0-301F-11D3-BF4B-00C04F79EFBC}") = "RazorClassLibrary", "RazorClassLibrary\RazorClassLibrary.csproj", "{490E1882-80DB-41E5-9BF8-7D1E9C9B4CF7}"
EndProject
Global
	GlobalSection(SolutionConfigurationPlatforms) = preSolution
		Debug|Any CPU = Debug|Any CPU
		Release|Any CPU = Release|Any CPU
	EndGlobalSection
	GlobalSection(ProjectConfigurationPlatforms) = postSolution
		{8159FF95-2446-4464-B62A-2EC6870F7C05}.Debug|Any CPU.ActiveCfg = Debug|Any CPU
		{8159FF95-2446-4464-B62A-2EC6870F7C05}.Debug|Any CPU.Build.0 = Debug|Any CPU
		{8159FF95-2446-4464-B62A-2EC6870F7C05}.Debug|Any CPU.Deploy.0 = Debug|Any CPU
		{8159FF95-2446-4464-B62A-2EC6870F7C05}.Release|Any CPU.ActiveCfg = Release|Any CPU
		{8159FF95-2446-4464-B62A-2EC6870F7C05}.Release|Any CPU.Build.0 = Release|Any CPU
		{8159FF95-2446-4464-B62A-2EC6870F7C05}.Release|Any CPU.Deploy.0 = Release|Any CPU
		{490E1882-80DB-41E5-9BF8-7D1E9C9B4CF7}.Debug|Any CPU.ActiveCfg = Debug|Any CPU
		{490E1882-80DB-41E5-9BF8-7D1E9C9B4CF7}.Debug|Any CPU.Build.0 = Debug|Any CPU
		{490E1882-80DB-41E5-9BF8-7D1E9C9B4CF7}.Release|Any CPU.ActiveCfg = Release|Any CPU
		{490E1882-80DB-41E5-9BF8-7D1E9C9B4CF7}.Release|Any CPU.Build.0 = Release|Any CPU
	EndGlobalSection
	GlobalSection(SolutionProperties) = preSolution
		HideSolutionNode = FALSE
	EndGlobalSection
	GlobalSection(ExtensibilityGlobals) = postSolution
		SolutionGuid = {A30FED2E-44A9-4A4D-A63F-1ED0F46EF9A2}
	EndGlobalSection
EndGlobal
